
Microsoft Visual Studio Solution File, Format Version 12.00
# Visual Studio Version 17
VisualStudioVersion = 17.3.32825.248
MinimumVisualStudioVersion = 10.0.40219.1
Project("{FAE04EC0-301F-11D3-BF4B-00C04F79EFBC}") = "MypersonClass", "MypersonClass\MypersonClass.csproj", "{36226327-BB05-4E3B-AE58-F6D90E937B5A}"
EndProject
Global
	GlobalSection(SolutionConfigurationPlatforms) = preSolution
		Debug|Any CPU = Debug|Any CPU
		Release|Any CPU = Release|Any CPU
	EndGlobalSection
	GlobalSection(ProjectConfigurationPlatforms) = postSolution
		{36226327-BB05-4E3B-AE58-F6D90E937B5A}.Debug|Any CPU.ActiveCfg = Debug|Any CPU
		{36226327-BB05-4E3B-AE58-F6D90E937B5A}.Debug|Any CPU.Build.0 = Debug|Any CPU
		{36226327-BB05-4E3B-AE58-F6D90E937B5A}.Release|Any CPU.ActiveCfg = Release|Any CPU
		{36226327-BB05-4E3B-AE58-F6D90E937B5A}.Release|Any CPU.Build.0 = Release|Any CPU
	EndGlobalSection
	GlobalSection(SolutionProperties) = preSolution
		HideSolutionNode = FALSE
	EndGlobalSection
	GlobalSection(ExtensibilityGlobals) = postSolution
		SolutionGuid = {F929E7E6-6C6A-47B6-A685-5C7D05E3A41C}
	EndGlobalSection
EndGlobal
